<?xml version="1.0" encoding="utf-8"?>
<Project ToolsVersion="4.0" xmlns="http://schemas.microsoft.com/developer/msbuild/2003">
  <ItemGroup>
    <ClCompile Include="..\..\Include\ext-2DGameLevel\TypesRegistry.cpp" />
    <ClCompile Include="GL2DProceduralLevel.cpp">
      <Filter>Components</Filter>
    </ClCompile>
    <ClCompile Include="GL2DLevelGenerator.cpp">
      <Filter>Core</Filter>
    </ClCompile>
    <ClCompile Include="GL2DVoxelPrefabsMap.cpp">
      <Filter>VoxelsDictionary</Filter>
    </ClCompile>
    <ClCompile Include="GL2DVoxelizedItem.cpp">
      <Filter>VoxelsDictionary</Filter>
    </ClCompile>
    <ClCompile Include="GL2DLSystem.cpp">
      <Filter>Core</Filter>
    </ClCompile>
  </ItemGroup>
  <ItemGroup>
    <ClInclude Include="..\..\Include\ext-2DGameLevel.h" />
    <ClInclude Include="..\..\Include\ext-2DGameLevel\Defines.h" />
    <ClInclude Include="..\..\Include\ext-2DGameLevel\GL2DProceduralLevel.h">
      <Filter>Components</Filter>
    </ClInclude>
    <ClInclude Include="..\..\Include\ext-2DGameLevel\GL2DLevelGenerator.h">
      <Filter>Core</Filter>
    </ClInclude>
    <ClInclude Include="..\..\Include\ext-2DGameLevel\GL2DVoxelPrefabsMap.h">
      <Filter>VoxelsDictionary</Filter>
    </ClInclude>
    <ClInclude Include="..\..\Include\ext-2DGameLevel\GL2DVoxelizedItem.h">
      <Filter>VoxelsDictionary</Filter>
    </ClInclude>
    <ClInclude Include="..\..\Include\ext-2DGameLevel\GL2DLSystem.h">
      <Filter>Core</Filter>
    </ClInclude>
  </ItemGroup>
  <ItemGroup>
    <Filter Include="Core">
      <UniqueIdentifier>{f5e1ad32-3f7b-4eb0-a399-c1594d1f9478}</UniqueIdentifier>
    </Filter>
    <Filter Include="Components">
      <UniqueIdentifier>{997c2f7b-6df1-4410-aa58-673792675783}</UniqueIdentifier>
    </Filter>
    <Filter Include="VoxelsDictionary">
      <UniqueIdentifier>{ff6e2e33-4ed4-48c0-b43f-39b4b7ebc07d}</UniqueIdentifier>
    </Filter>
  </ItemGroup>
</Project>