
Microsoft Visual Studio Solution File, Format Version 12.00
# Visual Studio 2013
VisualStudioVersion = 12.0.30501.0
MinimumVisualStudioVersion = 10.0.40219.1
Project("{8BC9CEB8-8B4A-11D0-8D11-00A0C91BC942}") = "core", "Engine\core\core.vcxproj", "{4F4CEC82-B5C6-4F0E-B69B-855FA55F4B80}"
EndProject
Project("{2150E333-8FDC-42A3-9474-1A3956D46DE8}") = "Engine", "Engine", "{92F4CC57-11BA-4E33-B80B-CB0D4A7D36B5}"
EndProject
Project("{8BC9CEB8-8B4A-11D0-8D11-00A0C91BC942}") = "core-AI", "Engine\core-AI\core-AI.vcxproj", "{BB9178B4-C215-4AB8-831A-89A717C6B5EE}"
EndProject
Project("{8BC9CEB8-8B4A-11D0-8D11-00A0C91BC942}") = "core-AppFlow", "Engine\core-AppFlow\core-AppFlow.vcxproj", "{ADD6CE30-DEDE-450F-8C75-532D65F3AC15}"
EndProject
Project("{8BC9CEB8-8B4A-11D0-8D11-00A0C91BC942}") = "core-MVC", "Engine\core-MVC\core-MVC.vcxproj", "{0B2B1DFD-5071-413A-BEF9-5F8D265DF56A}"
EndProject
Project("{8BC9CEB8-8B4A-11D0-8D11-00A0C91BC942}") = "core-Physics", "Engine\core-Physics\core-Physics.vcxproj", "{204FBCA9-EFD4-42C9-90F0-F19F4CBACE29}"
EndProject
Project("{8BC9CEB8-8B4A-11D0-8D11-00A0C91BC942}") = "core-Renderer", "Engine\core-Renderer\core-Renderer.vcxproj", "{DBCD9F77-4064-4DB9-AC18-516ED35B24CE}"
EndProject
Project("{8BC9CEB8-8B4A-11D0-8D11-00A0C91BC942}") = "core-Sound", "Engine\core-Sound\core-Sound.vcxproj", "{04A91F07-650F-4BB4-AE9A-4EFBACB52E9E}"
EndProject
Project("{8BC9CEB8-8B4A-11D0-8D11-00A0C91BC942}") = "core-TestFramework", "Engine\core-TestFramework\core-TestFramework.vcxproj", "{3620036C-624C-4563-A5F2-C325B388B13D}"
EndProject
Project("{2150E333-8FDC-42A3-9474-1A3956D46DE8}") = "Implementation", "Implementation", "{13698EBE-BD84-4F74-BE0B-5CAFAB7DD4E9}"
EndProject
Project("{8BC9CEB8-8B4A-11D0-8D11-00A0C91BC942}") = "null-Renderer", "Engine\null-Renderer\null-Renderer.vcxproj", "{B8125434-1049-4001-84FF-4DDFF564969D}"
EndProject
Project("{8BC9CEB8-8B4A-11D0-8D11-00A0C91BC942}") = "oal-Sound", "Engine\oal-Sound\oal-Sound.vcxproj", "{7EFC6528-3D9A-480F-BD1F-15BCEB1BCC4D}"
EndProject
Project("{8BC9CEB8-8B4A-11D0-8D11-00A0C91BC942}") = "win-AppFlow", "Engine\win-AppFlow\win-AppFlow.vcxproj", "{DFE951EA-7C00-424C-91F4-D8C82631D191}"
EndProject
Project("{2150E333-8FDC-42A3-9474-1A3956D46DE8}") = "Exporters", "Exporters", "{C9C3CACE-7C9C-4F4E-B798-54991E7582F6}"
EndProject
Project("{8BC9CEB8-8B4A-11D0-8D11-00A0C91BC942}") = "ml-Blender", "Engine\ml-Blender\ml-Blender.vcxproj", "{269AD9D8-247F-4F55-8438-C6DC4532A12F}"
EndProject
Project("{2150E333-8FDC-42A3-9474-1A3956D46DE8}") = "Tests", "Tests", "{5EEC2761-97A7-4752-8D97-3B3B1456A461}"
EndProject
Project("{8BC9CEB8-8B4A-11D0-8D11-00A0C91BC942}") = "test-AI", "Tests\test-AI\test-AI.vcxproj", "{05D92B45-7F58-4DD3-937D-355B1C0EC8D1}"
EndProject
Project("{8BC9CEB8-8B4A-11D0-8D11-00A0C91BC942}") = "test-AppFlow", "Tests\test-AppFlow\test-AppFlow.vcxproj", "{23B8D639-2513-47EF-A540-844D8B5C37EF}"
EndProject
Project("{8BC9CEB8-8B4A-11D0-8D11-00A0C91BC942}") = "test-core", "Tests\test-core\test-core.vcxproj", "{EEA0D7E5-37D7-4197-9943-D9EBB7C62AFD}"
EndProject
Project("{8BC9CEB8-8B4A-11D0-8D11-00A0C91BC942}") = "test-MVC", "Tests\test-MVC\test-MVC.vcxproj", "{B1DCFD3D-2BB3-4F1D-8139-A8FC7434D31F}"
EndProject
Project("{8BC9CEB8-8B4A-11D0-8D11-00A0C91BC942}") = "test-Renderer", "Tests\test-Renderer\test-Renderer.vcxproj", "{0FC433B8-A585-4B11-866D-39C36CE4F88B}"
EndProject
Project("{8BC9CEB8-8B4A-11D0-8D11-00A0C91BC942}") = "test-Sound", "Tests\test-Sound\test-Sound.vcxproj", "{1AF86129-C1A3-47DC-A10D-A1AAC2FF6118}"
EndProject
Project("{8BC9CEB8-8B4A-11D0-8D11-00A0C91BC942}") = "test-StoryTeller", "Tests\test-StoryTeller\test-StoryTeller.vcxproj", "{F45189F7-D67D-4651-A2C7-7567EA5EF571}"
EndProject
Project("{2150E333-8FDC-42A3-9474-1A3956D46DE8}") = "Extensions", "Extensions", "{CC23FB91-FA56-4275-9609-9F7C3EE66297}"
EndProject
Project("{8BC9CEB8-8B4A-11D0-8D11-00A0C91BC942}") = "ext-StoryTeller", "Engine\ext-StoryTeller\ext-StoryTeller.vcxproj", "{0A5EF6F5-E637-4C52-B7BB-DB747BF74646}"
EndProject
Project("{2150E333-8FDC-42A3-9474-1A3956D46DE8}") = "Executables", "Executables", "{2519BD33-8F5A-4CD0-BA3A-AE3BA55B7790}"
EndProject
Project("{8BC9CEB8-8B4A-11D0-8D11-00A0C91BC942}") = "TamyEditor", "Editor\TamyEditor\TamyEditor.vcxproj", "{8A569D2A-986B-432B-8D69-A4140764C6D6}"
	ProjectSection(ProjectDependencies) = postProject
		{166FA6C4-FCCF-4A00-B54A-A162B86609EF} = {166FA6C4-FCCF-4A00-B54A-A162B86609EF}
	EndProjectSection
EndProject
Project("{8BC9CEB8-8B4A-11D0-8D11-00A0C91BC942}") = "WinGame", "WinGame\WinGame.vcxproj", "{18375012-C7B6-4950-A745-0A197981AFD7}"
EndProject
Project("{8BC9CEB8-8B4A-11D0-8D11-00A0C91BC942}") = "ext-RenderingPipeline", "Engine\ext-RenderingPipeline\ext-RenderingPipeline.vcxproj", "{57E5E09F-3694-4F4B-A450-7A288031238F}"
EndProject
Project("{8BC9CEB8-8B4A-11D0-8D11-00A0C91BC942}") = "ext-2DGameLevel", "Engine\ext-2DGameLevel\ext-2DGameLevel.vcxproj", "{5A2F6C07-FDB7-48C6-8429-63DEA282A386}"
EndProject
Project("{8BC9CEB8-8B4A-11D0-8D11-00A0C91BC942}") = "test-2DGameLevel", "Tests\test-2DGameLevel\test-2DGameLevel.vcxproj", "{0433F0B5-8153-4873-BB21-4BFDA4EF17C5}"
EndProject
Project("{8BC9CEB8-8B4A-11D0-8D11-00A0C91BC942}") = "gl-Renderer", "Engine\gl-Renderer\gl-Renderer.vcxproj", "{166FA6C4-FCCF-4A00-B54A-A162B86609EF}"
EndProject
Global
	GlobalSection(SolutionConfigurationPlatforms) = preSolution
		Debug_GL|Win32 = Debug_GL|Win32
		Debug|Win32 = Debug|Win32
		Release|Win32 = Release|Win32
	EndGlobalSection
	GlobalSection(ProjectConfigurationPlatforms) = postSolution
		{4F4CEC82-B5C6-4F0E-B69B-855FA55F4B80}.Debug_GL|Win32.ActiveCfg = Debug|Win32
		{4F4CEC82-B5C6-4F0E-B69B-855FA55F4B80}.Debug_GL|Win32.Build.0 = Debug|Win32
		{4F4CEC82-B5C6-4F0E-B69B-855FA55F4B80}.Debug|Win32.ActiveCfg = Debug|Win32
		{4F4CEC82-B5C6-4F0E-B69B-855FA55F4B80}.Debug|Win32.Build.0 = Debug|Win32
		{4F4CEC82-B5C6-4F0E-B69B-855FA55F4B80}.Release|Win32.ActiveCfg = Release|Win32
		{4F4CEC82-B5C6-4F0E-B69B-855FA55F4B80}.Release|Win32.Build.0 = Release|Win32
		{BB9178B4-C215-4AB8-831A-89A717C6B5EE}.Debug_GL|Win32.ActiveCfg = Debug|Win32
		{BB9178B4-C215-4AB8-831A-89A717C6B5EE}.Debug_GL|Win32.Build.0 = Debug|Win32
		{BB9178B4-C215-4AB8-831A-89A717C6B5EE}.Debug|Win32.ActiveCfg = Debug|Win32
		{BB9178B4-C215-4AB8-831A-89A717C6B5EE}.Debug|Win32.Build.0 = Debug|Win32
		{BB9178B4-C215-4AB8-831A-89A717C6B5EE}.Release|Win32.ActiveCfg = Release|Win32
		{BB9178B4-C215-4AB8-831A-89A717C6B5EE}.Release|Win32.Build.0 = Release|Win32
		{ADD6CE30-DEDE-450F-8C75-532D65F3AC15}.Debug_GL|Win32.ActiveCfg = Debug|Win32
		{ADD6CE30-DEDE-450F-8C75-532D65F3AC15}.Debug_GL|Win32.Build.0 = Debug|Win32
		{ADD6CE30-DEDE-450F-8C75-532D65F3AC15}.Debug|Win32.ActiveCfg = Debug|Win32
		{ADD6CE30-DEDE-450F-8C75-532D65F3AC15}.Debug|Win32.Build.0 = Debug|Win32
		{ADD6CE30-DEDE-450F-8C75-532D65F3AC15}.Release|Win32.ActiveCfg = Release|Win32
		{ADD6CE30-DEDE-450F-8C75-532D65F3AC15}.Release|Win32.Build.0 = Release|Win32
		{0B2B1DFD-5071-413A-BEF9-5F8D265DF56A}.Debug_GL|Win32.ActiveCfg = Debug|Win32
		{0B2B1DFD-5071-413A-BEF9-5F8D265DF56A}.Debug_GL|Win32.Build.0 = Debug|Win32
		{0B2B1DFD-5071-413A-BEF9-5F8D265DF56A}.Debug|Win32.ActiveCfg = Debug|Win32
		{0B2B1DFD-5071-413A-BEF9-5F8D265DF56A}.Debug|Win32.Build.0 = Debug|Win32
		{0B2B1DFD-5071-413A-BEF9-5F8D265DF56A}.Release|Win32.ActiveCfg = Release|Win32
		{0B2B1DFD-5071-413A-BEF9-5F8D265DF56A}.Release|Win32.Build.0 = Release|Win32
		{204FBCA9-EFD4-42C9-90F0-F19F4CBACE29}.Debug_GL|Win32.ActiveCfg = Debug|Win32
		{204FBCA9-EFD4-42C9-90F0-F19F4CBACE29}.Debug_GL|Win32.Build.0 = Debug|Win32
		{204FBCA9-EFD4-42C9-90F0-F19F4CBACE29}.Debug|Win32.ActiveCfg = Debug|Win32
		{204FBCA9-EFD4-42C9-90F0-F19F4CBACE29}.Debug|Win32.Build.0 = Debug|Win32
		{204FBCA9-EFD4-42C9-90F0-F19F4CBACE29}.Release|Win32.ActiveCfg = Release|Win32
		{204FBCA9-EFD4-42C9-90F0-F19F4CBACE29}.Release|Win32.Build.0 = Release|Win32
		{DBCD9F77-4064-4DB9-AC18-516ED35B24CE}.Debug_GL|Win32.ActiveCfg = Debug|Win32
		{DBCD9F77-4064-4DB9-AC18-516ED35B24CE}.Debug_GL|Win32.Build.0 = Debug|Win32
		{DBCD9F77-4064-4DB9-AC18-516ED35B24CE}.Debug|Win32.ActiveCfg = Debug|Win32
		{DBCD9F77-4064-4DB9-AC18-516ED35B24CE}.Debug|Win32.Build.0 = Debug|Win32
		{DBCD9F77-4064-4DB9-AC18-516ED35B24CE}.Release|Win32.ActiveCfg = Release|Win32
		{DBCD9F77-4064-4DB9-AC18-516ED35B24CE}.Release|Win32.Build.0 = Release|Win32
		{04A91F07-650F-4BB4-AE9A-4EFBACB52E9E}.Debug_GL|Win32.ActiveCfg = Debug|Win32
		{04A91F07-650F-4BB4-AE9A-4EFBACB52E9E}.Debug_GL|Win32.Build.0 = Debug|Win32
		{04A91F07-650F-4BB4-AE9A-4EFBACB52E9E}.Debug|Win32.ActiveCfg = Debug|Win32
		{04A91F07-650F-4BB4-AE9A-4EFBACB52E9E}.Debug|Win32.Build.0 = Debug|Win32
		{04A91F07-650F-4BB4-AE9A-4EFBACB52E9E}.Release|Win32.ActiveCfg = Release|Win32
		{04A91F07-650F-4BB4-AE9A-4EFBACB52E9E}.Release|Win32.Build.0 = Release|Win32
		{3620036C-624C-4563-A5F2-C325B388B13D}.Debug_GL|Win32.ActiveCfg = Debug|Win32
		{3620036C-624C-4563-A5F2-C325B388B13D}.Debug_GL|Win32.Build.0 = Debug|Win32
		{3620036C-624C-4563-A5F2-C325B388B13D}.Debug|Win32.ActiveCfg = Debug|Win32
		{3620036C-624C-4563-A5F2-C325B388B13D}.Debug|Win32.Build.0 = Debug|Win32
		{3620036C-624C-4563-A5F2-C325B388B13D}.Release|Win32.ActiveCfg = Release|Win32
		{3620036C-624C-4563-A5F2-C325B388B13D}.Release|Win32.Build.0 = Release|Win32
		{B8125434-1049-4001-84FF-4DDFF564969D}.Debug_GL|Win32.ActiveCfg = Debug|Win32
		{B8125434-1049-4001-84FF-4DDFF564969D}.Debug_GL|Win32.Build.0 = Debug|Win32
		{B8125434-1049-4001-84FF-4DDFF564969D}.Debug|Win32.ActiveCfg = Debug|Win32
		{B8125434-1049-4001-84FF-4DDFF564969D}.Debug|Win32.Build.0 = Debug|Win32
		{B8125434-1049-4001-84FF-4DDFF564969D}.Release|Win32.ActiveCfg = Release|Win32
		{B8125434-1049-4001-84FF-4DDFF564969D}.Release|Win32.Build.0 = Release|Win32
		{7EFC6528-3D9A-480F-BD1F-15BCEB1BCC4D}.Debug_GL|Win32.ActiveCfg = Debug|Win32
		{7EFC6528-3D9A-480F-BD1F-15BCEB1BCC4D}.Debug_GL|Win32.Build.0 = Debug|Win32
		{7EFC6528-3D9A-480F-BD1F-15BCEB1BCC4D}.Debug|Win32.ActiveCfg = Debug|Win32
		{7EFC6528-3D9A-480F-BD1F-15BCEB1BCC4D}.Debug|Win32.Build.0 = Debug|Win32
		{7EFC6528-3D9A-480F-BD1F-15BCEB1BCC4D}.Release|Win32.ActiveCfg = Release|Win32
		{7EFC6528-3D9A-480F-BD1F-15BCEB1BCC4D}.Release|Win32.Build.0 = Release|Win32
		{DFE951EA-7C00-424C-91F4-D8C82631D191}.Debug_GL|Win32.ActiveCfg = Debug|Win32
		{DFE951EA-7C00-424C-91F4-D8C82631D191}.Debug_GL|Win32.Build.0 = Debug|Win32
		{DFE951EA-7C00-424C-91F4-D8C82631D191}.Debug|Win32.ActiveCfg = Debug|Win32
		{DFE951EA-7C00-424C-91F4-D8C82631D191}.Debug|Win32.Build.0 = Debug|Win32
		{DFE951EA-7C00-424C-91F4-D8C82631D191}.Release|Win32.ActiveCfg = Release|Win32
		{DFE951EA-7C00-424C-91F4-D8C82631D191}.Release|Win32.Build.0 = Release|Win32
		{269AD9D8-247F-4F55-8438-C6DC4532A12F}.Debug_GL|Win32.ActiveCfg = Debug|Win32
		{269AD9D8-247F-4F55-8438-C6DC4532A12F}.Debug_GL|Win32.Build.0 = Debug|Win32
		{269AD9D8-247F-4F55-8438-C6DC4532A12F}.Debug|Win32.ActiveCfg = Debug|Win32
		{269AD9D8-247F-4F55-8438-C6DC4532A12F}.Debug|Win32.Build.0 = Debug|Win32
		{269AD9D8-247F-4F55-8438-C6DC4532A12F}.Release|Win32.ActiveCfg = Release|Win32
		{269AD9D8-247F-4F55-8438-C6DC4532A12F}.Release|Win32.Build.0 = Release|Win32
		{05D92B45-7F58-4DD3-937D-355B1C0EC8D1}.Debug_GL|Win32.ActiveCfg = Debug|Win32
		{05D92B45-7F58-4DD3-937D-355B1C0EC8D1}.Debug_GL|Win32.Build.0 = Debug|Win32
		{05D92B45-7F58-4DD3-937D-355B1C0EC8D1}.Debug|Win32.ActiveCfg = Debug|Win32
		{05D92B45-7F58-4DD3-937D-355B1C0EC8D1}.Debug|Win32.Build.0 = Debug|Win32
		{05D92B45-7F58-4DD3-937D-355B1C0EC8D1}.Release|Win32.ActiveCfg = Release|Win32
		{05D92B45-7F58-4DD3-937D-355B1C0EC8D1}.Release|Win32.Build.0 = Release|Win32
		{23B8D639-2513-47EF-A540-844D8B5C37EF}.Debug_GL|Win32.ActiveCfg = Debug|Win32
		{23B8D639-2513-47EF-A540-844D8B5C37EF}.Debug_GL|Win32.Build.0 = Debug|Win32
		{23B8D639-2513-47EF-A540-844D8B5C37EF}.Debug|Win32.ActiveCfg = Debug|Win32
		{23B8D639-2513-47EF-A540-844D8B5C37EF}.Debug|Win32.Build.0 = Debug|Win32
		{23B8D639-2513-47EF-A540-844D8B5C37EF}.Release|Win32.ActiveCfg = Release|Win32
		{23B8D639-2513-47EF-A540-844D8B5C37EF}.Release|Win32.Build.0 = Release|Win32
		{EEA0D7E5-37D7-4197-9943-D9EBB7C62AFD}.Debug_GL|Win32.ActiveCfg = Debug|Win32
		{EEA0D7E5-37D7-4197-9943-D9EBB7C62AFD}.Debug_GL|Win32.Build.0 = Debug|Win32
		{EEA0D7E5-37D7-4197-9943-D9EBB7C62AFD}.Debug|Win32.ActiveCfg = Debug|Win32
		{EEA0D7E5-37D7-4197-9943-D9EBB7C62AFD}.Debug|Win32.Build.0 = Debug|Win32
		{EEA0D7E5-37D7-4197-9943-D9EBB7C62AFD}.Release|Win32.ActiveCfg = Release|Win32
		{EEA0D7E5-37D7-4197-9943-D9EBB7C62AFD}.Release|Win32.Build.0 = Release|Win32
		{B1DCFD3D-2BB3-4F1D-8139-A8FC7434D31F}.Debug_GL|Win32.ActiveCfg = Debug|Win32
		{B1DCFD3D-2BB3-4F1D-8139-A8FC7434D31F}.Debug_GL|Win32.Build.0 = Debug|Win32
		{B1DCFD3D-2BB3-4F1D-8139-A8FC7434D31F}.Debug|Win32.ActiveCfg = Debug|Win32
		{B1DCFD3D-2BB3-4F1D-8139-A8FC7434D31F}.Debug|Win32.Build.0 = Debug|Win32
		{B1DCFD3D-2BB3-4F1D-8139-A8FC7434D31F}.Release|Win32.ActiveCfg = Release|Win32
		{B1DCFD3D-2BB3-4F1D-8139-A8FC7434D31F}.Release|Win32.Build.0 = Release|Win32
		{0FC433B8-A585-4B11-866D-39C36CE4F88B}.Debug_GL|Win32.ActiveCfg = Debug|Win32
		{0FC433B8-A585-4B11-866D-39C36CE4F88B}.Debug_GL|Win32.Build.0 = Debug|Win32
		{0FC433B8-A585-4B11-866D-39C36CE4F88B}.Debug|Win32.ActiveCfg = Debug|Win32
		{0FC433B8-A585-4B11-866D-39C36CE4F88B}.Debug|Win32.Build.0 = Debug|Win32
		{0FC433B8-A585-4B11-866D-39C36CE4F88B}.Release|Win32.ActiveCfg = Release|Win32
		{0FC433B8-A585-4B11-866D-39C36CE4F88B}.Release|Win32.Build.0 = Release|Win32
		{1AF86129-C1A3-47DC-A10D-A1AAC2FF6118}.Debug_GL|Win32.ActiveCfg = Debug|Win32
		{1AF86129-C1A3-47DC-A10D-A1AAC2FF6118}.Debug_GL|Win32.Build.0 = Debug|Win32
		{1AF86129-C1A3-47DC-A10D-A1AAC2FF6118}.Debug|Win32.ActiveCfg = Debug|Win32
		{1AF86129-C1A3-47DC-A10D-A1AAC2FF6118}.Debug|Win32.Build.0 = Debug|Win32
		{1AF86129-C1A3-47DC-A10D-A1AAC2FF6118}.Release|Win32.ActiveCfg = Release|Win32
		{1AF86129-C1A3-47DC-A10D-A1AAC2FF6118}.Release|Win32.Build.0 = Release|Win32
		{F45189F7-D67D-4651-A2C7-7567EA5EF571}.Debug_GL|Win32.ActiveCfg = Debug|Win32
		{F45189F7-D67D-4651-A2C7-7567EA5EF571}.Debug_GL|Win32.Build.0 = Debug|Win32
		{F45189F7-D67D-4651-A2C7-7567EA5EF571}.Debug|Win32.ActiveCfg = Debug|Win32
		{F45189F7-D67D-4651-A2C7-7567EA5EF571}.Debug|Win32.Build.0 = Debug|Win32
		{F45189F7-D67D-4651-A2C7-7567EA5EF571}.Release|Win32.ActiveCfg = Release|Win32
		{F45189F7-D67D-4651-A2C7-7567EA5EF571}.Release|Win32.Build.0 = Release|Win32
		{0A5EF6F5-E637-4C52-B7BB-DB747BF74646}.Debug_GL|Win32.ActiveCfg = Debug|Win32
		{0A5EF6F5-E637-4C52-B7BB-DB747BF74646}.Debug_GL|Win32.Build.0 = Debug|Win32
		{0A5EF6F5-E637-4C52-B7BB-DB747BF74646}.Debug|Win32.ActiveCfg = Debug|Win32
		{0A5EF6F5-E637-4C52-B7BB-DB747BF74646}.Debug|Win32.Build.0 = Debug|Win32
		{0A5EF6F5-E637-4C52-B7BB-DB747BF74646}.Release|Win32.ActiveCfg = Release|Win32
		{0A5EF6F5-E637-4C52-B7BB-DB747BF74646}.Release|Win32.Build.0 = Release|Win32
		{8A569D2A-986B-432B-8D69-A4140764C6D6}.Debug_GL|Win32.ActiveCfg = Debug_GL|Win32
		{8A569D2A-986B-432B-8D69-A4140764C6D6}.Debug_GL|Win32.Build.0 = Debug_GL|Win32
		{8A569D2A-986B-432B-8D69-A4140764C6D6}.Debug|Win32.ActiveCfg = Debug|Win32
		{8A569D2A-986B-432B-8D69-A4140764C6D6}.Debug|Win32.Build.0 = Debug|Win32
		{8A569D2A-986B-432B-8D69-A4140764C6D6}.Release|Win32.ActiveCfg = Release|Win32
		{8A569D2A-986B-432B-8D69-A4140764C6D6}.Release|Win32.Build.0 = Release|Win32
		{18375012-C7B6-4950-A745-0A197981AFD7}.Debug_GL|Win32.ActiveCfg = Debug|Win32
		{18375012-C7B6-4950-A745-0A197981AFD7}.Debug_GL|Win32.Build.0 = Debug|Win32
		{18375012-C7B6-4950-A745-0A197981AFD7}.Debug|Win32.ActiveCfg = Debug|Win32
		{18375012-C7B6-4950-A745-0A197981AFD7}.Debug|Win32.Build.0 = Debug|Win32
		{18375012-C7B6-4950-A745-0A197981AFD7}.Release|Win32.ActiveCfg = Release|Win32
		{18375012-C7B6-4950-A745-0A197981AFD7}.Release|Win32.Build.0 = Release|Win32
		{57E5E09F-3694-4F4B-A450-7A288031238F}.Debug_GL|Win32.ActiveCfg = Debug|Win32
		{57E5E09F-3694-4F4B-A450-7A288031238F}.Debug_GL|Win32.Build.0 = Debug|Win32
		{57E5E09F-3694-4F4B-A450-7A288031238F}.Debug|Win32.ActiveCfg = Debug|Win32
		{57E5E09F-3694-4F4B-A450-7A288031238F}.Debug|Win32.Build.0 = Debug|Win32
		{57E5E09F-3694-4F4B-A450-7A288031238F}.Release|Win32.ActiveCfg = Release|Win32
		{57E5E09F-3694-4F4B-A450-7A288031238F}.Release|Win32.Build.0 = Release|Win32
		{5A2F6C07-FDB7-48C6-8429-63DEA282A386}.Debug_GL|Win32.ActiveCfg = Debug|Win32
		{5A2F6C07-FDB7-48C6-8429-63DEA282A386}.Debug_GL|Win32.Build.0 = Debug|Win32
		{5A2F6C07-FDB7-48C6-8429-63DEA282A386}.Debug|Win32.ActiveCfg = Debug|Win32
		{5A2F6C07-FDB7-48C6-8429-63DEA282A386}.Debug|Win32.Build.0 = Debug|Win32
		{5A2F6C07-FDB7-48C6-8429-63DEA282A386}.Release|Win32.ActiveCfg = Release|Win32
		{5A2F6C07-FDB7-48C6-8429-63DEA282A386}.Release|Win32.Build.0 = Release|Win32
		{0433F0B5-8153-4873-BB21-4BFDA4EF17C5}.Debug_GL|Win32.ActiveCfg = Debug|Win32
		{0433F0B5-8153-4873-BB21-4BFDA4EF17C5}.Debug_GL|Win32.Build.0 = Debug|Win32
		{0433F0B5-8153-4873-BB21-4BFDA4EF17C5}.Debug|Win32.ActiveCfg = Debug|Win32
		{0433F0B5-8153-4873-BB21-4BFDA4EF17C5}.Debug|Win32.Build.0 = Debug|Win32
		{0433F0B5-8153-4873-BB21-4BFDA4EF17C5}.Release|Win32.ActiveCfg = Release|Win32
		{0433F0B5-8153-4873-BB21-4BFDA4EF17C5}.Release|Win32.Build.0 = Release|Win32
		{166FA6C4-FCCF-4A00-B54A-A162B86609EF}.Debug_GL|Win32.ActiveCfg = Debug_GL|Win32
		{166FA6C4-FCCF-4A00-B54A-A162B86609EF}.Debug_GL|Win32.Build.0 = Debug_GL|Win32
		{166FA6C4-FCCF-4A00-B54A-A162B86609EF}.Debug|Win32.ActiveCfg = Debug_GL|Win32
		{166FA6C4-FCCF-4A00-B54A-A162B86609EF}.Debug|Win32.Build.0 = Debug_GL|Win32
		{166FA6C4-FCCF-4A00-B54A-A162B86609EF}.Release|Win32.ActiveCfg = Release|Win32
		{166FA6C4-FCCF-4A00-B54A-A162B86609EF}.Release|Win32.Build.0 = Release|Win32
	EndGlobalSection
	GlobalSection(SolutionProperties) = preSolution
		HideSolutionNode = FALSE
	EndGlobalSection
	GlobalSection(NestedProjects) = preSolution
		{4F4CEC82-B5C6-4F0E-B69B-855FA55F4B80} = {92F4CC57-11BA-4E33-B80B-CB0D4A7D36B5}
		{BB9178B4-C215-4AB8-831A-89A717C6B5EE} = {92F4CC57-11BA-4E33-B80B-CB0D4A7D36B5}
		{ADD6CE30-DEDE-450F-8C75-532D65F3AC15} = {92F4CC57-11BA-4E33-B80B-CB0D4A7D36B5}
		{0B2B1DFD-5071-413A-BEF9-5F8D265DF56A} = {92F4CC57-11BA-4E33-B80B-CB0D4A7D36B5}
		{204FBCA9-EFD4-42C9-90F0-F19F4CBACE29} = {92F4CC57-11BA-4E33-B80B-CB0D4A7D36B5}
		{DBCD9F77-4064-4DB9-AC18-516ED35B24CE} = {92F4CC57-11BA-4E33-B80B-CB0D4A7D36B5}
		{04A91F07-650F-4BB4-AE9A-4EFBACB52E9E} = {92F4CC57-11BA-4E33-B80B-CB0D4A7D36B5}
		{3620036C-624C-4563-A5F2-C325B388B13D} = {92F4CC57-11BA-4E33-B80B-CB0D4A7D36B5}
		{B8125434-1049-4001-84FF-4DDFF564969D} = {13698EBE-BD84-4F74-BE0B-5CAFAB7DD4E9}
		{7EFC6528-3D9A-480F-BD1F-15BCEB1BCC4D} = {13698EBE-BD84-4F74-BE0B-5CAFAB7DD4E9}
		{DFE951EA-7C00-424C-91F4-D8C82631D191} = {13698EBE-BD84-4F74-BE0B-5CAFAB7DD4E9}
		{269AD9D8-247F-4F55-8438-C6DC4532A12F} = {C9C3CACE-7C9C-4F4E-B798-54991E7582F6}
		{05D92B45-7F58-4DD3-937D-355B1C0EC8D1} = {5EEC2761-97A7-4752-8D97-3B3B1456A461}
		{23B8D639-2513-47EF-A540-844D8B5C37EF} = {5EEC2761-97A7-4752-8D97-3B3B1456A461}
		{EEA0D7E5-37D7-4197-9943-D9EBB7C62AFD} = {5EEC2761-97A7-4752-8D97-3B3B1456A461}
		{B1DCFD3D-2BB3-4F1D-8139-A8FC7434D31F} = {5EEC2761-97A7-4752-8D97-3B3B1456A461}
		{0FC433B8-A585-4B11-866D-39C36CE4F88B} = {5EEC2761-97A7-4752-8D97-3B3B1456A461}
		{1AF86129-C1A3-47DC-A10D-A1AAC2FF6118} = {5EEC2761-97A7-4752-8D97-3B3B1456A461}
		{F45189F7-D67D-4651-A2C7-7567EA5EF571} = {5EEC2761-97A7-4752-8D97-3B3B1456A461}
		{0A5EF6F5-E637-4C52-B7BB-DB747BF74646} = {CC23FB91-FA56-4275-9609-9F7C3EE66297}
		{8A569D2A-986B-432B-8D69-A4140764C6D6} = {2519BD33-8F5A-4CD0-BA3A-AE3BA55B7790}
		{18375012-C7B6-4950-A745-0A197981AFD7} = {2519BD33-8F5A-4CD0-BA3A-AE3BA55B7790}
		{57E5E09F-3694-4F4B-A450-7A288031238F} = {CC23FB91-FA56-4275-9609-9F7C3EE66297}
		{5A2F6C07-FDB7-48C6-8429-63DEA282A386} = {CC23FB91-FA56-4275-9609-9F7C3EE66297}
		{0433F0B5-8153-4873-BB21-4BFDA4EF17C5} = {5EEC2761-97A7-4752-8D97-3B3B1456A461}
		{166FA6C4-FCCF-4A00-B54A-A162B86609EF} = {13698EBE-BD84-4F74-BE0B-5CAFAB7DD4E9}
	EndGlobalSection
EndGlobal
