<?xml version="1.0" encoding="utf-8"?>
<Project ToolsVersion="4.0" xmlns="http://schemas.microsoft.com/developer/msbuild/2003">
  <ItemGroup>
    <Filter Include="Core">
      <UniqueIdentifier>{a6f79b8e-0cd1-4b76-aa84-efc47f620d9f}</UniqueIdentifier>
    </Filter>
  </ItemGroup>
  <ItemGroup>
    <ClCompile Include="WinApplicationManager.cpp">
      <Filter>Core</Filter>
    </ClCompile>
    <ClCompile Include="WinUserInputController.cpp">
      <Filter>Core</Filter>
    </ClCompile>
    <ClCompile Include="WinWindowBuilder.cpp">
      <Filter>Core</Filter>
    </ClCompile>
  </ItemGroup>
  <ItemGroup>
    <ClInclude Include="..\..\Include\win-AppFlow\WinApplicationManager.h">
      <Filter>Core</Filter>
    </ClInclude>
    <ClInclude Include="..\..\Include\win-AppFlow\WinUserInputController.h">
      <Filter>Core</Filter>
    </ClInclude>
    <ClInclude Include="..\..\Include\win-AppFlow\WinWindowBuilder.h">
      <Filter>Core</Filter>
    </ClInclude>
    <ClInclude Include="..\..\Include\win-AppFlow\IWindowMessagesProcessor.h">
      <Filter>Core</Filter>
    </ClInclude>
    <ClInclude Include="..\..\Include\win-AppFlow.h" />
  </ItemGroup>
</Project>